# THIS IS AN AUTOGENERATED FILE. DO NOT EDIT THIS FILE DIRECTLY.
# yarn lockfile v1


deepmerge@^2.1.1:
  version "2.1.1"
  resolved "https://registry.yarnpkg.com/deepmerge/-/deepmerge-2.1.1.tgz#e862b4e45ea0555072bf51e7fd0d9845170ae768"

graphql-normalizr@^1.0.2:
  version "1.0.2"
  resolved "https://registry.yarnpkg.com/graphql-normalizr/-/graphql-normalizr-1.0.2.tgz#932b6c656c74c5a9a8656ad2d5333f1a2bc5780e"
  dependencies:
    pluralize "7.0.0"

graphql@^0.13.2:
  version "0.13.2"
  resolved "https://registry.yarnpkg.com/graphql/-/graphql-0.13.2.tgz#4c740ae3c222823e7004096f832e7b93b2108270"
  dependencies:
    iterall "^1.2.1"

iterall@^1.2.1:
  version "1.2.2"
  resolved "https://registry.yarnpkg.com/iterall/-/iterall-1.2.2.tgz#92d70deb8028e0c39ff3164fdbf4d8b088130cd7"

json-api-normalizer@^0.4.10:
  version "0.4.10"
  resolved "https://registry.yarnpkg.com/json-api-normalizer/-/json-api-normalizer-0.4.10.tgz#5c997a50d45d9ea47ae75cb8c223bffb236ee20a"
  dependencies:
    lodash "^4.17.2"

lodash@^4.17.2:
  version "4.17.10"
  resolved "https://registry.yarnpkg.com/lodash/-/lodash-4.17.10.tgz#1b7793cf7259ea38fb3661d4d38b3260af8ae4e7"

pluralize@7.0.0, pluralize@^7.0.0:
  version "7.0.0"
  resolved "https://registry.yarnpkg.com/pluralize/-/pluralize-7.0.0.tgz#298b89df8b93b0221dbf421ad2b1b1ea23fc6777"
